
Microsoft Visual Studio Solution File, Format Version 12.00
# Visual Studio Version 17
VisualStudioVersion = 17.5.002.0
MinimumVisualStudioVersion = 10.0.40219.1
Project("{9A19103F-16F7-4668-BE54-9A1E7A4F7556}") = "publisher", "publisher.csproj", "{0EDEEAA3-520D-4BF5-82D6-A4C46BD4B635}"
EndProject
Global
	GlobalSection(SolutionConfigurationPlatforms) = preSolution
		Debug|Any CPU = Debug|Any CPU
		Release|Any CPU = Release|Any CPU
	EndGlobalSection
	GlobalSection(ProjectConfigurationPlatforms) = postSolution
		{0EDEEAA3-520D-4BF5-82D6-A4C46BD4B635}.Debug|Any CPU.ActiveCfg = Debug|Any CPU
		{0EDEEAA3-520D-4BF5-82D6-A4C46BD4B635}.Debug|Any CPU.Build.0 = Debug|Any CPU
		{0EDEEAA3-520D-4BF5-82D6-A4C46BD4B635}.Release|Any CPU.ActiveCfg = Release|Any CPU
		{0EDEEAA3-520D-4BF5-82D6-A4C46BD4B635}.Release|Any CPU.Build.0 = Release|Any CPU
	EndGlobalSection
	GlobalSection(SolutionProperties) = preSolution
		HideSolutionNode = FALSE
	EndGlobalSection
	GlobalSection(ExtensibilityGlobals) = postSolution
		SolutionGuid = {CCD2772E-656E-4682-86DB-EE0860D9E43E}
	EndGlobalSection
EndGlobal
