
Microsoft Visual Studio Solution File, Format Version 12.00
# Visual Studio Version 17
VisualStudioVersion = 17.5.002.0
MinimumVisualStudioVersion = 10.0.40219.1
Project("{9A19103F-16F7-4668-BE54-9A1E7A4F7556}") = "publisher", "publisher\publisher.csproj", "{9C8CCB39-649A-49D7-B835-B3BE80B94AB1}"
EndProject
Project("{9A19103F-16F7-4668-BE54-9A1E7A4F7556}") = "subscriber", "subscriber\subscriber.csproj", "{7CBD1FAF-68E8-4CEC-B386-2B6C86C8BD3D}"
EndProject
Global
	GlobalSection(SolutionConfigurationPlatforms) = preSolution
		Debug|Any CPU = Debug|Any CPU
		Release|Any CPU = Release|Any CPU
	EndGlobalSection
	GlobalSection(ProjectConfigurationPlatforms) = postSolution
		{9C8CCB39-649A-49D7-B835-B3BE80B94AB1}.Debug|Any CPU.ActiveCfg = Debug|Any CPU
		{9C8CCB39-649A-49D7-B835-B3BE80B94AB1}.Debug|Any CPU.Build.0 = Debug|Any CPU
		{9C8CCB39-649A-49D7-B835-B3BE80B94AB1}.Release|Any CPU.ActiveCfg = Release|Any CPU
		{9C8CCB39-649A-49D7-B835-B3BE80B94AB1}.Release|Any CPU.Build.0 = Release|Any CPU
		{7CBD1FAF-68E8-4CEC-B386-2B6C86C8BD3D}.Debug|Any CPU.ActiveCfg = Debug|Any CPU
		{7CBD1FAF-68E8-4CEC-B386-2B6C86C8BD3D}.Debug|Any CPU.Build.0 = Debug|Any CPU
		{7CBD1FAF-68E8-4CEC-B386-2B6C86C8BD3D}.Release|Any CPU.ActiveCfg = Release|Any CPU
		{7CBD1FAF-68E8-4CEC-B386-2B6C86C8BD3D}.Release|Any CPU.Build.0 = Release|Any CPU
	EndGlobalSection
	GlobalSection(SolutionProperties) = preSolution
		HideSolutionNode = FALSE
	EndGlobalSection
	GlobalSection(ExtensibilityGlobals) = postSolution
		SolutionGuid = {C2B83343-D8E9-408A-9179-891905F9AE9E}
	EndGlobalSection
EndGlobal
